
Microsoft Visual Studio Solution File, Format Version 12.00
# Visual Studio Version 17
VisualStudioVersion = 17.10.35013.160
MinimumVisualStudioVersion = 10.0.40219.1
Project("{FAE04EC0-301F-11D3-BF4B-00C04F79EFBC}") = "MakeUrPizza", "MakeUrPizza.csproj", "{B72FD89D-98FD-41A1-BAC6-816FB7F674C8}"
EndProject
Global
	GlobalSection(SolutionConfigurationPlatforms) = preSolution
		Debug|Any CPU = Debug|Any CPU
		Release|Any CPU = Release|Any CPU
	EndGlobalSection
	GlobalSection(ProjectConfigurationPlatforms) = postSolution
		{B72FD89D-98FD-41A1-BAC6-816FB7F674C8}.Debug|Any CPU.ActiveCfg = Debug|Any CPU
		{B72FD89D-98FD-41A1-BAC6-816FB7F674C8}.Debug|Any CPU.Build.0 = Debug|Any CPU
		{B72FD89D-98FD-41A1-BAC6-816FB7F674C8}.Release|Any CPU.ActiveCfg = Release|Any CPU
		{B72FD89D-98FD-41A1-BAC6-816FB7F674C8}.Release|Any CPU.Build.0 = Release|Any CPU
	EndGlobalSection
	GlobalSection(SolutionProperties) = preSolution
		HideSolutionNode = FALSE
	EndGlobalSection
	GlobalSection(ExtensibilityGlobals) = postSolution
		SolutionGuid = {8918DA54-1390-4FDB-969C-458CD2360EAB}
	EndGlobalSection
EndGlobal
